
Microsoft Visual Studio Solution File, Format Version 12.00
# Visual Studio Version 17
VisualStudioVersion = 17.11.35327.3
MinimumVisualStudioVersion = 10.0.40219.1
Project("{FAE04EC0-301F-11D3-BF4B-00C04F79EFBC}") = "expt5", "expt5\expt5.csproj", "{423F2A7E-C471-437E-88C3-B896EEF79821}"
EndProject
Global
	GlobalSection(SolutionConfigurationPlatforms) = preSolution
		Debug|Any CPU = Debug|Any CPU
		Release|Any CPU = Release|Any CPU
	EndGlobalSection
	GlobalSection(ProjectConfigurationPlatforms) = postSolution
		{423F2A7E-C471-437E-88C3-B896EEF79821}.Debug|Any CPU.ActiveCfg = Debug|Any CPU
		{423F2A7E-C471-437E-88C3-B896EEF79821}.Debug|Any CPU.Build.0 = Debug|Any CPU
		{423F2A7E-C471-437E-88C3-B896EEF79821}.Release|Any CPU.ActiveCfg = Release|Any CPU
		{423F2A7E-C471-437E-88C3-B896EEF79821}.Release|Any CPU.Build.0 = Release|Any CPU
	EndGlobalSection
	GlobalSection(SolutionProperties) = preSolution
		HideSolutionNode = FALSE
	EndGlobalSection
	GlobalSection(ExtensibilityGlobals) = postSolution
		SolutionGuid = {D8725420-D7CE-4E9C-BAD7-333D28723A9D}
	EndGlobalSection
EndGlobal
