
Microsoft Visual Studio Solution File, Format Version 12.00
# Visual Studio Version 17
VisualStudioVersion = 17.11.35327.3
MinimumVisualStudioVersion = 10.0.40219.1
Project("{FAE04EC0-301F-11D3-BF4B-00C04F79EFBC}") = "expt7", "expt7\expt7.csproj", "{CBBFEA06-6839-4EC0-866B-BBD012069F95}"
EndProject
Global
	GlobalSection(SolutionConfigurationPlatforms) = preSolution
		Debug|Any CPU = Debug|Any CPU
		Release|Any CPU = Release|Any CPU
	EndGlobalSection
	GlobalSection(ProjectConfigurationPlatforms) = postSolution
		{CBBFEA06-6839-4EC0-866B-BBD012069F95}.Debug|Any CPU.ActiveCfg = Debug|Any CPU
		{CBBFEA06-6839-4EC0-866B-BBD012069F95}.Debug|Any CPU.Build.0 = Debug|Any CPU
		{CBBFEA06-6839-4EC0-866B-BBD012069F95}.Release|Any CPU.ActiveCfg = Release|Any CPU
		{CBBFEA06-6839-4EC0-866B-BBD012069F95}.Release|Any CPU.Build.0 = Release|Any CPU
	EndGlobalSection
	GlobalSection(SolutionProperties) = preSolution
		HideSolutionNode = FALSE
	EndGlobalSection
	GlobalSection(ExtensibilityGlobals) = postSolution
		SolutionGuid = {5CCC9096-A95F-4249-969F-59DC4AAE2926}
	EndGlobalSection
EndGlobal
